
Microsoft Visual Studio Solution File, Format Version 12.00
# Visual Studio Version 17
VisualStudioVersion = 17.10.35122.118
MinimumVisualStudioVersion = 10.0.40219.1
Project("{FAE04EC0-301F-11D3-BF4B-00C04F79EFBC}") = "BlazorApp3", "BlazorApp3\BlazorApp3.csproj", "{7666010B-EAB8-4D5A-8692-420BBB8C3A8C}"
EndProject
Project("{FAE04EC0-301F-11D3-BF4B-00C04F79EFBC}") = "BlazorApp3.Client", "BlazorApp3.Client\BlazorApp3.Client.csproj", "{A9F72934-D931-4431-B03F-655DB37F10AE}"
EndProject
Global
	GlobalSection(SolutionConfigurationPlatforms) = preSolution
		Debug|Any CPU = Debug|Any CPU
		Release|Any CPU = Release|Any CPU
	EndGlobalSection
	GlobalSection(ProjectConfigurationPlatforms) = postSolution
		{7666010B-EAB8-4D5A-8692-420BBB8C3A8C}.Debug|Any CPU.ActiveCfg = Debug|Any CPU
		{7666010B-EAB8-4D5A-8692-420BBB8C3A8C}.Debug|Any CPU.Build.0 = Debug|Any CPU
		{7666010B-EAB8-4D5A-8692-420BBB8C3A8C}.Release|Any CPU.ActiveCfg = Release|Any CPU
		{7666010B-EAB8-4D5A-8692-420BBB8C3A8C}.Release|Any CPU.Build.0 = Release|Any CPU
		{A9F72934-D931-4431-B03F-655DB37F10AE}.Debug|Any CPU.ActiveCfg = Debug|Any CPU
		{A9F72934-D931-4431-B03F-655DB37F10AE}.Debug|Any CPU.Build.0 = Debug|Any CPU
		{A9F72934-D931-4431-B03F-655DB37F10AE}.Release|Any CPU.ActiveCfg = Release|Any CPU
		{A9F72934-D931-4431-B03F-655DB37F10AE}.Release|Any CPU.Build.0 = Release|Any CPU
	EndGlobalSection
	GlobalSection(SolutionProperties) = preSolution
		HideSolutionNode = FALSE
	EndGlobalSection
	GlobalSection(ExtensibilityGlobals) = postSolution
		SolutionGuid = {4821B490-02B1-425E-818B-8CE963F8D1A9}
	EndGlobalSection
EndGlobal
